<?xml version="1.0" encoding="utf-8"?>
<Project ToolsVersion="4.0" xmlns="http://schemas.microsoft.com/developer/msbuild/2003">
  <ItemGroup>
    <ClCompile Include="main.cpp" />
    <ClCompile Include="Collider.cpp" />
    <ClCompile Include="IdleState.cpp">
      <Filter>Player</Filter>
    </ClCompile>
    <ClCompile Include="Marin.cpp">
      <Filter>Player</Filter>
    </ClCompile>
    <ClCompile Include="RollState.cpp">
      <Filter>Player</Filter>
    </ClCompile>
    <ClCompile Include="RunState.cpp">
      <Filter>Player</Filter>
    </ClCompile>
    <ClCompile Include="Bullet.cpp">
      <Filter>Weapon</Filter>
    </ClCompile>
    <ClCompile Include="game_framework.cpp">
      <Filter>Game framework</Filter>
    </ClCompile>
    <ClCompile Include="LogoState.cpp">
      <Filter>Game framework</Filter>
    </ClCompile>
    <ClCompile Include="PlayState.cpp">
      <Filter>Game framework</Filter>
    </ClCompile>
    <ClCompile Include="Enemy.cpp">
      <Filter>Enemy</Filter>
    </ClCompile>
    <ClCompile Include="Weapon.cpp">
      <Filter>Weapon</Filter>
    </ClCompile>
  </ItemGroup>
  <ItemGroup>
    <ClInclude Include="Vector2D.h" />
    <ClInclude Include="Collider.h" />
    <ClInclude Include="IdleState.h">
      <Filter>Player</Filter>
    </ClInclude>
    <ClInclude Include="Marin.h">
      <Filter>Player</Filter>
    </ClInclude>
    <ClInclude Include="Player.h">
      <Filter>Player</Filter>
    </ClInclude>
    <ClInclude Include="RollState.h">
      <Filter>Player</Filter>
    </ClInclude>
    <ClInclude Include="RunState.h">
      <Filter>Player</Filter>
    </ClInclude>
    <ClInclude Include="Bullet.h">
      <Filter>Weapon</Filter>
    </ClInclude>
    <ClInclude Include="Item.h">
      <Filter>Weapon</Filter>
    </ClInclude>
    <ClInclude Include="game_framework.h">
      <Filter>Game framework</Filter>
    </ClInclude>
    <ClInclude Include="LogoState.h">
      <Filter>Game framework</Filter>
    </ClInclude>
    <ClInclude Include="PlayState.h">
      <Filter>Game framework</Filter>
    </ClInclude>
    <ClInclude Include="Weapon.h">
      <Filter>Weapon</Filter>
    </ClInclude>
    <ClInclude Include="Animation.h" />
    <ClInclude Include="Enemy.h">
      <Filter>Enemy</Filter>
    </ClInclude>
    <ClInclude Include="State.h">
      <Filter>Player</Filter>
    </ClInclude>
    <ClInclude Include="Master.h" />
    <ClInclude Include="Tilemap.h" />
  </ItemGroup>
  <ItemGroup>
    <Filter Include="Player">
      <UniqueIdentifier>{160d79aa-d9b0-448e-aa36-ae90c5f127fc}</UniqueIdentifier>
    </Filter>
    <Filter Include="Weapon">
      <UniqueIdentifier>{3a0eb8dc-9583-4554-8019-5a488d1f631e}</UniqueIdentifier>
    </Filter>
    <Filter Include="Game framework">
      <UniqueIdentifier>{24e5ab0a-3fd0-42f6-80ec-e9ff5617d445}</UniqueIdentifier>
    </Filter>
    <Filter Include="Enemy">
      <UniqueIdentifier>{853410b3-5585-4ddd-af16-ba95101f5360}</UniqueIdentifier>
    </Filter>
  </ItemGroup>
</Project>