<?xml version="1.0" encoding="utf-8"?>
<Project ToolsVersion="4.0" xmlns="http://schemas.microsoft.com/developer/msbuild/2003">
  <ItemGroup>
    <ClCompile Include="main.cpp" />
    <ClCompile Include="IdleState.cpp">
      <Filter>Player</Filter>
    </ClCompile>
    <ClCompile Include="Marin.cpp">
      <Filter>Player</Filter>
    </ClCompile>
    <ClCompile Include="RollState.cpp">
      <Filter>Player</Filter>
    </ClCompile>
    <ClCompile Include="RunState.cpp">
      <Filter>Player</Filter>
    </ClCompile>
    <ClCompile Include="Bullet.cpp">
      <Filter>Weapon</Filter>
    </ClCompile>
    <ClCompile Include="game_framework.cpp">
      <Filter>Game Framework</Filter>
    </ClCompile>
    <ClCompile Include="LogoState.cpp">
      <Filter>Game Framework</Filter>
    </ClCompile>
    <ClCompile Include="PlayState.cpp">
      <Filter>Game Framework</Filter>
    </ClCompile>
    <ClCompile Include="Weapon.cpp">
      <Filter>Weapon</Filter>
    </ClCompile>
    <ClCompile Include="PistolMan.cpp">
      <Filter>Enemy</Filter>
    </ClCompile>
    <ClCompile Include="Tilemap.cpp">
      <Filter>Map</Filter>
    </ClCompile>
    <ClCompile Include="Collider.cpp">
      <Filter>Colider</Filter>
    </ClCompile>
    <ClCompile Include="RifleMan.cpp">
      <Filter>Enemy</Filter>
    </ClCompile>
    <ClCompile Include="ShotgunMan.cpp">
      <Filter>Enemy</Filter>
    </ClCompile>
    <ClCompile Include="Bat.cpp">
      <Filter>Enemy</Filter>
    </ClCompile>
    <ClCompile Include="EnemyManager.cpp">
      <Filter>Enemy</Filter>
    </ClCompile>
    <ClCompile Include="Player.cpp">
      <Filter>Player</Filter>
    </ClCompile>
    <ClCompile Include="EffectManager.cpp">
      <Filter>Effect</Filter>
    </ClCompile>
    <ClCompile Include="Bombshe.cpp">
      <Filter>Enemy</Filter>
    </ClCompile>
    <ClCompile Include="Effect.cpp">
      <Filter>Effect</Filter>
    </ClCompile>
    <ClCompile Include="DropItem.cpp">
      <Filter>DropItem</Filter>
    </ClCompile>
    <ClCompile Include="Boss.cpp">
      <Filter>Enemy\Boss</Filter>
    </ClCompile>
    <ClCompile Include="BossState.cpp">
      <Filter>Enemy\Boss</Filter>
    </ClCompile>
    <ClCompile Include="BossIdle.cpp">
      <Filter>Enemy\Boss</Filter>
    </ClCompile>
    <ClCompile Include="PatternA.cpp">
      <Filter>Enemy\Boss</Filter>
    </ClCompile>
    <ClCompile Include="UI.cpp">
      <Filter>UI</Filter>
    </ClCompile>
  </ItemGroup>
  <ItemGroup>
    <ClInclude Include="IdleState.h">
      <Filter>Player</Filter>
    </ClInclude>
    <ClInclude Include="Marin.h">
      <Filter>Player</Filter>
    </ClInclude>
    <ClInclude Include="Player.h">
      <Filter>Player</Filter>
    </ClInclude>
    <ClInclude Include="RollState.h">
      <Filter>Player</Filter>
    </ClInclude>
    <ClInclude Include="RunState.h">
      <Filter>Player</Filter>
    </ClInclude>
    <ClInclude Include="Bullet.h">
      <Filter>Weapon</Filter>
    </ClInclude>
    <ClInclude Include="Item.h">
      <Filter>Weapon</Filter>
    </ClInclude>
    <ClInclude Include="game_framework.h">
      <Filter>Game Framework</Filter>
    </ClInclude>
    <ClInclude Include="LogoState.h">
      <Filter>Game Framework</Filter>
    </ClInclude>
    <ClInclude Include="PlayState.h">
      <Filter>Game Framework</Filter>
    </ClInclude>
    <ClInclude Include="Weapon.h">
      <Filter>Weapon</Filter>
    </ClInclude>
    <ClInclude Include="Enemy.h">
      <Filter>Enemy</Filter>
    </ClInclude>
    <ClInclude Include="State.h">
      <Filter>Player</Filter>
    </ClInclude>
    <ClInclude Include="PistolMan.h">
      <Filter>Enemy</Filter>
    </ClInclude>
    <ClInclude Include="Tilemap.h">
      <Filter>Map</Filter>
    </ClInclude>
    <ClInclude Include="Collider.h">
      <Filter>Colider</Filter>
    </ClInclude>
    <ClInclude Include="Vector2D.h">
      <Filter>Else</Filter>
    </ClInclude>
    <ClInclude Include="Animation.h">
      <Filter>Else</Filter>
    </ClInclude>
    <ClInclude Include="Master.h">
      <Filter>Else</Filter>
    </ClInclude>
    <ClInclude Include="RifleMan.h">
      <Filter>Enemy</Filter>
    </ClInclude>
    <ClInclude Include="ShotgunMan.h">
      <Filter>Enemy</Filter>
    </ClInclude>
    <ClInclude Include="Bat.h">
      <Filter>Enemy</Filter>
    </ClInclude>
    <ClInclude Include="Effect.h">
      <Filter>Effect</Filter>
    </ClInclude>
    <ClInclude Include="EnemyManager.h">
      <Filter>Enemy</Filter>
    </ClInclude>
    <ClInclude Include="EffectManager.h">
      <Filter>Effect</Filter>
    </ClInclude>
    <ClInclude Include="Bombshe.h">
      <Filter>Enemy</Filter>
    </ClInclude>
    <ClInclude Include="DropItem.h">
      <Filter>DropItem</Filter>
    </ClInclude>
    <ClInclude Include="Boss.h">
      <Filter>Enemy\Boss</Filter>
    </ClInclude>
    <ClInclude Include="BossState.h">
      <Filter>Enemy\Boss</Filter>
    </ClInclude>
    <ClInclude Include="BossIdle.h">
      <Filter>Enemy\Boss</Filter>
    </ClInclude>
    <ClInclude Include="PatternA.h">
      <Filter>Enemy\Boss</Filter>
    </ClInclude>
    <ClInclude Include="UI.h">
      <Filter>UI</Filter>
    </ClInclude>
  </ItemGroup>
  <ItemGroup>
    <Filter Include="Player">
      <UniqueIdentifier>{160d79aa-d9b0-448e-aa36-ae90c5f127fc}</UniqueIdentifier>
    </Filter>
    <Filter Include="Weapon">
      <UniqueIdentifier>{3a0eb8dc-9583-4554-8019-5a488d1f631e}</UniqueIdentifier>
    </Filter>
    <Filter Include="Enemy">
      <UniqueIdentifier>{853410b3-5585-4ddd-af16-ba95101f5360}</UniqueIdentifier>
    </Filter>
    <Filter Include="Game Framework">
      <UniqueIdentifier>{24e5ab0a-3fd0-42f6-80ec-e9ff5617d445}</UniqueIdentifier>
    </Filter>
    <Filter Include="Map">
      <UniqueIdentifier>{a6bf3bd6-d0d0-4102-87e4-3c1e63c270eb}</UniqueIdentifier>
    </Filter>
    <Filter Include="Colider">
      <UniqueIdentifier>{5e10a98c-de83-45fd-aea6-71f6c918ffbf}</UniqueIdentifier>
    </Filter>
    <Filter Include="Else">
      <UniqueIdentifier>{33c173a7-87da-4e35-b8b5-a5e71ba141b8}</UniqueIdentifier>
    </Filter>
    <Filter Include="Effect">
      <UniqueIdentifier>{976a18a5-e0fc-4f6b-a401-a5ff759a4550}</UniqueIdentifier>
    </Filter>
    <Filter Include="DropItem">
      <UniqueIdentifier>{271ce2b6-2b58-4b83-a08d-6a35b2a40227}</UniqueIdentifier>
    </Filter>
    <Filter Include="Enemy\Boss">
      <UniqueIdentifier>{d1b4f441-90c4-4280-9018-f880bba6ab05}</UniqueIdentifier>
    </Filter>
    <Filter Include="UI">
      <UniqueIdentifier>{0fae3807-f7bc-4d12-852a-31659b10434e}</UniqueIdentifier>
    </Filter>
  </ItemGroup>
</Project>